
Microsoft Visual Studio Solution File, Format Version 12.00
# Visual Studio Version 17
VisualStudioVersion = 17.4.33122.133
MinimumVisualStudioVersion = 10.0.40219.1
Project("{FAE04EC0-301F-11D3-BF4B-00C04F79EFBC}") = "AuthorWebApp", "AuthorWebApp.csproj", "{66C56F53-BE50-40D1-8144-5EAE9BEF678F}"
EndProject
Global
	GlobalSection(SolutionConfigurationPlatforms) = preSolution
		Debug|Any CPU = Debug|Any CPU
		Release|Any CPU = Release|Any CPU
	EndGlobalSection
	GlobalSection(ProjectConfigurationPlatforms) = postSolution
		{66C56F53-BE50-40D1-8144-5EAE9BEF678F}.Debug|Any CPU.ActiveCfg = Debug|Any CPU
		{66C56F53-BE50-40D1-8144-5EAE9BEF678F}.Debug|Any CPU.Build.0 = Debug|Any CPU
		{66C56F53-BE50-40D1-8144-5EAE9BEF678F}.Release|Any CPU.ActiveCfg = Release|Any CPU
		{66C56F53-BE50-40D1-8144-5EAE9BEF678F}.Release|Any CPU.Build.0 = Release|Any CPU
	EndGlobalSection
	GlobalSection(SolutionProperties) = preSolution
		HideSolutionNode = FALSE
	EndGlobalSection
	GlobalSection(ExtensibilityGlobals) = postSolution
		SolutionGuid = {B999C2F3-A0B4-4C3C-B93B-52832FB2BBDC}
	EndGlobalSection
EndGlobal
